
Microsoft Visual Studio Solution File, Format Version 12.00
# Visual Studio Version 16
VisualStudioVersion = 16.0.32228.343
MinimumVisualStudioVersion = 10.0.40219.1
Project("{FAE04EC0-301F-11D3-BF4B-00C04F79EFBC}") = "MetroUI", "MetroUI\MetroUI.csproj", "{11B0D465-FBBC-4EA9-B67F-40B2411ED8B2}"
EndProject
Global
	GlobalSection(SolutionConfigurationPlatforms) = preSolution
		Debug|Any CPU = Debug|Any CPU
		Release|Any CPU = Release|Any CPU
	EndGlobalSection
	GlobalSection(ProjectConfigurationPlatforms) = postSolution
		{11B0D465-FBBC-4EA9-B67F-40B2411ED8B2}.Debug|Any CPU.ActiveCfg = Debug|Any CPU
		{11B0D465-FBBC-4EA9-B67F-40B2411ED8B2}.Debug|Any CPU.Build.0 = Debug|Any CPU
		{11B0D465-FBBC-4EA9-B67F-40B2411ED8B2}.Release|Any CPU.ActiveCfg = Release|Any CPU
		{11B0D465-FBBC-4EA9-B67F-40B2411ED8B2}.Release|Any CPU.Build.0 = Release|Any CPU
	EndGlobalSection
	GlobalSection(SolutionProperties) = preSolution
		HideSolutionNode = FALSE
	EndGlobalSection
	GlobalSection(ExtensibilityGlobals) = postSolution
		SolutionGuid = {21EE0AC4-1205-42A3-9253-D7E5772AA9E0}
	EndGlobalSection
EndGlobal
